
Microsoft Visual Studio Solution File, Format Version 12.00
# Visual Studio Version 16
VisualStudioVersion = 16.0.30114.105
MinimumVisualStudioVersion = 10.0.40219.1
Project("{9A19103F-16F7-4668-BE54-9A1E7A4F7556}") = "BertoniTest", "BertoniTest\BertoniTest.csproj", "{1C85A84A-BF3F-4B05-8448-C53BC88CEC51}"
EndProject
Project("{FAE04EC0-301F-11D3-BF4B-00C04F79EFBC}") = "BertoniTest.Data", "BertoniTest.Data\BertoniTest.Data.csproj", "{7A5F7008-CECF-4507-AD5D-B28DFE61DC52}"
EndProject
Project("{FAE04EC0-301F-11D3-BF4B-00C04F79EFBC}") = "BertoniTest.DataTests", "BertoniTest.DataTests\BertoniTest.DataTests.csproj", "{7E0DE988-95AE-4779-B284-84209E2B9AC4}"
EndProject
Global
	GlobalSection(SolutionConfigurationPlatforms) = preSolution
		Debug|Any CPU = Debug|Any CPU
		Release|Any CPU = Release|Any CPU
	EndGlobalSection
	GlobalSection(ProjectConfigurationPlatforms) = postSolution
		{1C85A84A-BF3F-4B05-8448-C53BC88CEC51}.Debug|Any CPU.ActiveCfg = Debug|Any CPU
		{1C85A84A-BF3F-4B05-8448-C53BC88CEC51}.Debug|Any CPU.Build.0 = Debug|Any CPU
		{1C85A84A-BF3F-4B05-8448-C53BC88CEC51}.Release|Any CPU.ActiveCfg = Release|Any CPU
		{1C85A84A-BF3F-4B05-8448-C53BC88CEC51}.Release|Any CPU.Build.0 = Release|Any CPU
		{7A5F7008-CECF-4507-AD5D-B28DFE61DC52}.Debug|Any CPU.ActiveCfg = Debug|Any CPU
		{7A5F7008-CECF-4507-AD5D-B28DFE61DC52}.Debug|Any CPU.Build.0 = Debug|Any CPU
		{7A5F7008-CECF-4507-AD5D-B28DFE61DC52}.Release|Any CPU.ActiveCfg = Release|Any CPU
		{7A5F7008-CECF-4507-AD5D-B28DFE61DC52}.Release|Any CPU.Build.0 = Release|Any CPU
		{7E0DE988-95AE-4779-B284-84209E2B9AC4}.Debug|Any CPU.ActiveCfg = Debug|Any CPU
		{7E0DE988-95AE-4779-B284-84209E2B9AC4}.Debug|Any CPU.Build.0 = Debug|Any CPU
		{7E0DE988-95AE-4779-B284-84209E2B9AC4}.Release|Any CPU.ActiveCfg = Release|Any CPU
		{7E0DE988-95AE-4779-B284-84209E2B9AC4}.Release|Any CPU.Build.0 = Release|Any CPU
	EndGlobalSection
	GlobalSection(SolutionProperties) = preSolution
		HideSolutionNode = FALSE
	EndGlobalSection
	GlobalSection(ExtensibilityGlobals) = postSolution
		SolutionGuid = {F2FE0864-8E3C-4DCC-B213-E4B272793CDA}
	EndGlobalSection
EndGlobal
